
Microsoft Visual Studio Solution File, Format Version 12.00
# Visual Studio 15
Project("{F2A71F9B-5D33-465A-A702-920D77279786}") = "Aurum.Micro", "Aurum.Micro\Aurum.Micro.fsproj", "{95C4AD6C-5A4E-4AF4-8DA9-EEE80C3EEA6B}"
EndProject
Project("{F2A71F9B-5D33-465A-A702-920D77279786}") = "Aurum", "Aurum\Aurum.fsproj", "{3559AFD9-7176-4BFB-8E7F-0688EABD0B53}"
EndProject
Project("{F2A71F9B-5D33-465A-A702-920D77279786}") = "Aurum.DataProtection", "Aurum.DataProtection\Aurum.DataProtection.fsproj", "{4B035052-7B27-47E3-A6A5-C96D524111AA}"
EndProject
Project("{F2A71F9B-5D33-465A-A702-920D77279786}") = "Aurum.Storage", "Aurum.Storage\Aurum.Storage.fsproj", "{970DEACE-7337-4780-9F91-12442674406D}"
EndProject
Project("{F2A71F9B-5D33-465A-A702-920D77279786}") = "Aurum.Interop", "Aurum.Interop\Aurum.Interop.fsproj", "{D7F8C1C8-29E9-459A-B068-03E6FB89D721}"
EndProject
Project("{F2A71F9B-5D33-465A-A702-920D77279786}") = "Aurum.AssetManagement", "Aurum.AssetManagement\Aurum.AssetManagement.fsproj", "{9943C3ED-1A4E-4F75-8C5B-AF6E678EB264}"
EndProject
Global
	GlobalSection(SolutionConfigurationPlatforms) = preSolution
		Debug|Any CPU = Debug|Any CPU
		Release|Any CPU = Release|Any CPU
	EndGlobalSection
	GlobalSection(ProjectConfigurationPlatforms) = postSolution
		{95C4AD6C-5A4E-4AF4-8DA9-EEE80C3EEA6B}.Debug|Any CPU.ActiveCfg = Debug|Any CPU
		{95C4AD6C-5A4E-4AF4-8DA9-EEE80C3EEA6B}.Debug|Any CPU.Build.0 = Debug|Any CPU
		{95C4AD6C-5A4E-4AF4-8DA9-EEE80C3EEA6B}.Release|Any CPU.ActiveCfg = Release|Any CPU
		{95C4AD6C-5A4E-4AF4-8DA9-EEE80C3EEA6B}.Release|Any CPU.Build.0 = Release|Any CPU
		{3559AFD9-7176-4BFB-8E7F-0688EABD0B53}.Debug|Any CPU.ActiveCfg = Debug|Any CPU
		{3559AFD9-7176-4BFB-8E7F-0688EABD0B53}.Debug|Any CPU.Build.0 = Debug|Any CPU
		{4B035052-7B27-47E3-A6A5-C96D524111AA}.Debug|Any CPU.ActiveCfg = Debug|Any CPU
		{4B035052-7B27-47E3-A6A5-C96D524111AA}.Debug|Any CPU.Build.0 = Debug|Any CPU
		{4B035052-7B27-47E3-A6A5-C96D524111AA}.Release|Any CPU.ActiveCfg = Release|Any CPU
		{4B035052-7B27-47E3-A6A5-C96D524111AA}.Release|Any CPU.Build.0 = Release|Any CPU
		{970DEACE-7337-4780-9F91-12442674406D}.Debug|Any CPU.ActiveCfg = Debug|Any CPU
		{970DEACE-7337-4780-9F91-12442674406D}.Debug|Any CPU.Build.0 = Debug|Any CPU
		{970DEACE-7337-4780-9F91-12442674406D}.Release|Any CPU.ActiveCfg = Release|Any CPU
		{970DEACE-7337-4780-9F91-12442674406D}.Release|Any CPU.Build.0 = Release|Any CPU
		{D7F8C1C8-29E9-459A-B068-03E6FB89D721}.Debug|Any CPU.ActiveCfg = Debug|Any CPU
		{D7F8C1C8-29E9-459A-B068-03E6FB89D721}.Debug|Any CPU.Build.0 = Debug|Any CPU
		{D7F8C1C8-29E9-459A-B068-03E6FB89D721}.Release|Any CPU.ActiveCfg = Release|Any CPU
		{D7F8C1C8-29E9-459A-B068-03E6FB89D721}.Release|Any CPU.Build.0 = Release|Any CPU
		{9943C3ED-1A4E-4F75-8C5B-AF6E678EB264}.Debug|Any CPU.ActiveCfg = Debug|Any CPU
		{9943C3ED-1A4E-4F75-8C5B-AF6E678EB264}.Debug|Any CPU.Build.0 = Debug|Any CPU
		{9943C3ED-1A4E-4F75-8C5B-AF6E678EB264}.Release|Any CPU.ActiveCfg = Release|Any CPU
		{9943C3ED-1A4E-4F75-8C5B-AF6E678EB264}.Release|Any CPU.Build.0 = Release|Any CPU
	EndGlobalSection
EndGlobal
